
Microsoft Visual Studio Solution File, Format Version 12.00
# Visual Studio Version 17
VisualStudioVersion = 17.7.33927.210
MinimumVisualStudioVersion = 10.0.40219.1
Project("{FAE04EC0-301F-11D3-BF4B-00C04F79EFBC}") = "DSD605ClassProject 7-8-23", "DSD605ClassProject 7-8-23.csproj", "{4551738B-4B8C-41F8-BC9E-3170E37A8BD6}"
EndProject
Global
	GlobalSection(SolutionConfigurationPlatforms) = preSolution
		Debug|Any CPU = Debug|Any CPU
		Release|Any CPU = Release|Any CPU
	EndGlobalSection
	GlobalSection(ProjectConfigurationPlatforms) = postSolution
		{4551738B-4B8C-41F8-BC9E-3170E37A8BD6}.Debug|Any CPU.ActiveCfg = Debug|Any CPU
		{4551738B-4B8C-41F8-BC9E-3170E37A8BD6}.Debug|Any CPU.Build.0 = Debug|Any CPU
		{4551738B-4B8C-41F8-BC9E-3170E37A8BD6}.Release|Any CPU.ActiveCfg = Release|Any CPU
		{4551738B-4B8C-41F8-BC9E-3170E37A8BD6}.Release|Any CPU.Build.0 = Release|Any CPU
	EndGlobalSection
	GlobalSection(SolutionProperties) = preSolution
		HideSolutionNode = FALSE
	EndGlobalSection
	GlobalSection(ExtensibilityGlobals) = postSolution
		SolutionGuid = {2B4EE4D8-E893-45D5-96E0-4BF6F5D9D56F}
	EndGlobalSection
EndGlobal
